
Microsoft Visual Studio Solution File, Format Version 12.00
# Visual Studio 15
VisualStudioVersion = 15.0.27130.2010
MinimumVisualStudioVersion = 10.0.40219.1
Project("{9A19103F-16F7-4668-BE54-9A1E7A4F7556}") = "NeptunesWarMachine", "NeptunesPride\NeptunesWarMachine.csproj", "{8CEEB27F-BC05-4A46-BCEC-A88380F58457}"
EndProject
Project("{FAE04EC0-301F-11D3-BF4B-00C04F79EFBC}") = "NeptunesWarMachine.UnitTests", "NeptunesWarMachine.UnitTests\NeptunesWarMachine.UnitTests.csproj", "{A99B33DB-7983-4E52-A862-AFBE63A11739}"
EndProject
Global
	GlobalSection(SolutionConfigurationPlatforms) = preSolution
		Debug|Any CPU = Debug|Any CPU
		Release|Any CPU = Release|Any CPU
	EndGlobalSection
	GlobalSection(ProjectConfigurationPlatforms) = postSolution
		{8CEEB27F-BC05-4A46-BCEC-A88380F58457}.Debug|Any CPU.ActiveCfg = Debug|Any CPU
		{8CEEB27F-BC05-4A46-BCEC-A88380F58457}.Debug|Any CPU.Build.0 = Debug|Any CPU
		{8CEEB27F-BC05-4A46-BCEC-A88380F58457}.Release|Any CPU.ActiveCfg = Release|Any CPU
		{8CEEB27F-BC05-4A46-BCEC-A88380F58457}.Release|Any CPU.Build.0 = Release|Any CPU
		{A99B33DB-7983-4E52-A862-AFBE63A11739}.Debug|Any CPU.ActiveCfg = Debug|Any CPU
		{A99B33DB-7983-4E52-A862-AFBE63A11739}.Debug|Any CPU.Build.0 = Debug|Any CPU
		{A99B33DB-7983-4E52-A862-AFBE63A11739}.Release|Any CPU.ActiveCfg = Release|Any CPU
		{A99B33DB-7983-4E52-A862-AFBE63A11739}.Release|Any CPU.Build.0 = Release|Any CPU
	EndGlobalSection
	GlobalSection(SolutionProperties) = preSolution
		HideSolutionNode = FALSE
	EndGlobalSection
	GlobalSection(ExtensibilityGlobals) = postSolution
		SolutionGuid = {F6AE2B00-2F44-43C8-BD7B-AF1E6BB06FAC}
	EndGlobalSection
EndGlobal
